
Microsoft Visual Studio Solution File, Format Version 12.00
# Visual Studio 2013
VisualStudioVersion = 12.0.30110.0
MinimumVisualStudioVersion = 10.0.40219.1
Project("{FAE04EC0-301F-11D3-BF4B-00C04F79EFBC}") = "itunes_form", "itunes_form\itunes_form.csproj", "{8255E62B-5585-4967-9704-F07638486247}"
EndProject
Project("{FAE04EC0-301F-11D3-BF4B-00C04F79EFBC}") = "common", "common\common.csproj", "{39B152A8-D374-4ED8-B3E9-2D64CF084FB9}"
EndProject
Project("{FAE04EC0-301F-11D3-BF4B-00C04F79EFBC}") = "itunes_wpf", "itunes_wpf\itunes_wpf.csproj", "{5F9A5BD1-6AEC-4493-A050-5C99C72EAC82}"
EndProject
Project("{FAE04EC0-301F-11D3-BF4B-00C04F79EFBC}") = "itunes_aspx", "itunes_aspx\itunes_aspx.csproj", "{AB725CBE-17B3-493D-9647-6A7CED683DCD}"
EndProject
Global
	GlobalSection(SolutionConfigurationPlatforms) = preSolution
		Debug|Any CPU = Debug|Any CPU
		Release|Any CPU = Release|Any CPU
	EndGlobalSection
	GlobalSection(ProjectConfigurationPlatforms) = postSolution
		{8255E62B-5585-4967-9704-F07638486247}.Debug|Any CPU.ActiveCfg = Debug|Any CPU
		{8255E62B-5585-4967-9704-F07638486247}.Debug|Any CPU.Build.0 = Debug|Any CPU
		{8255E62B-5585-4967-9704-F07638486247}.Release|Any CPU.ActiveCfg = Release|Any CPU
		{8255E62B-5585-4967-9704-F07638486247}.Release|Any CPU.Build.0 = Release|Any CPU
		{39B152A8-D374-4ED8-B3E9-2D64CF084FB9}.Debug|Any CPU.ActiveCfg = Debug|Any CPU
		{39B152A8-D374-4ED8-B3E9-2D64CF084FB9}.Debug|Any CPU.Build.0 = Debug|Any CPU
		{39B152A8-D374-4ED8-B3E9-2D64CF084FB9}.Release|Any CPU.ActiveCfg = Release|Any CPU
		{39B152A8-D374-4ED8-B3E9-2D64CF084FB9}.Release|Any CPU.Build.0 = Release|Any CPU
		{5F9A5BD1-6AEC-4493-A050-5C99C72EAC82}.Debug|Any CPU.ActiveCfg = Debug|Any CPU
		{5F9A5BD1-6AEC-4493-A050-5C99C72EAC82}.Debug|Any CPU.Build.0 = Debug|Any CPU
		{5F9A5BD1-6AEC-4493-A050-5C99C72EAC82}.Release|Any CPU.ActiveCfg = Release|Any CPU
		{5F9A5BD1-6AEC-4493-A050-5C99C72EAC82}.Release|Any CPU.Build.0 = Release|Any CPU
		{AB725CBE-17B3-493D-9647-6A7CED683DCD}.Debug|Any CPU.ActiveCfg = Debug|Any CPU
		{AB725CBE-17B3-493D-9647-6A7CED683DCD}.Debug|Any CPU.Build.0 = Debug|Any CPU
		{AB725CBE-17B3-493D-9647-6A7CED683DCD}.Release|Any CPU.ActiveCfg = Release|Any CPU
		{AB725CBE-17B3-493D-9647-6A7CED683DCD}.Release|Any CPU.Build.0 = Release|Any CPU
	EndGlobalSection
	GlobalSection(SolutionProperties) = preSolution
		HideSolutionNode = FALSE
	EndGlobalSection
EndGlobal
